// !$*UTF8*$!
{
	archiveVersion = 1;
	classes = {
	};
	objectVersion = 52;
	objects = {

/* Begin PBXBuildFile section */
		2F134D45243A8435005830B4 /* MovieDetailsViewController.swift in Sources */ = {isa = PBXBuildFile; fileRef = 2F134D44243A8435005830B4 /* MovieDetailsViewController.swift */; };
		2F134D47243A8534005830B4 /* MovieDetailsHeaderView.swift in Sources */ = {isa = PBXBuildFile; fileRef = 2F134D46243A8534005830B4 /* MovieDetailsHeaderView.swift */; };
		2F13CC2C2438B11D000A199F /* ElectionChangeDelegate.swift in Sources */ = {isa = PBXBuildFile; fileRef = 2F13CC2B2438B11D000A199F /* ElectionChangeDelegate.swift */; };
		2F250631243221590038925E /* ParticpantsViewController.swift in Sources */ = {isa = PBXBuildFile; fileRef = 2F250630243221590038925E /* ParticpantsViewController.swift */; };
		2F25063324362B3F0038925E /* ElectionMoreViewController.swift in Sources */ = {isa = PBXBuildFile; fileRef = 2F25063224362B3F0038925E /* ElectionMoreViewController.swift */; };
		2F37D67524395FD70047A388 /* Movie.swift in Sources */ = {isa = PBXBuildFile; fileRef = 2F37D67424395FD70047A388 /* Movie.swift */; };
		2F37D677243964550047A388 /* SearchMovieViewController.swift in Sources */ = {isa = PBXBuildFile; fileRef = 2F37D676243964550047A388 /* SearchMovieViewController.swift */; };
		2F37D67A24397D5D0047A388 /* AlamofireImage in Frameworks */ = {isa = PBXBuildFile; productRef = 2F37D67924397D5D0047A388 /* AlamofireImage */; };
		2F37D67E243984EE0047A388 /* placeholder-movie.jpg in Resources */ = {isa = PBXBuildFile; fileRef = 2F37D67D243984EE0047A388 /* placeholder-movie.jpg */; };
		2F4EDC5A240746600049A997 /* Participant.swift in Sources */ = {isa = PBXBuildFile; fileRef = 2F4EDC59240746600049A997 /* Participant.swift */; };
		2F4EDC5C240746EE0049A997 /* Candidate.swift in Sources */ = {isa = PBXBuildFile; fileRef = 2F4EDC5B240746EE0049A997 /* Candidate.swift */; };
		2F4EDC5E240748570049A997 /* Election.swift in Sources */ = {isa = PBXBuildFile; fileRef = 2F4EDC5D240748570049A997 /* Election.swift */; };
		2F4EDC6024075A5D0049A997 /* Elections.swift in Sources */ = {isa = PBXBuildFile; fileRef = 2F4EDC5F24075A5D0049A997 /* Elections.swift */; };
		2F4EDC62240763360049A997 /* ElectionsViewController.swift in Sources */ = {isa = PBXBuildFile; fileRef = 2F4EDC61240763360049A997 /* ElectionsViewController.swift */; };
		2F6B1E0A2401B2E300DA5765 /* AppDelegate.swift in Sources */ = {isa = PBXBuildFile; fileRef = 2F6B1E092401B2E300DA5765 /* AppDelegate.swift */; };
		2F6B1E102401B2E500DA5765 /* Assets.xcassets in Resources */ = {isa = PBXBuildFile; fileRef = 2F6B1E0F2401B2E500DA5765 /* Assets.xcassets */; };
		2F6B1E132401B2E500DA5765 /* Preview Assets.xcassets in Resources */ = {isa = PBXBuildFile; fileRef = 2F6B1E122401B2E500DA5765 /* Preview Assets.xcassets */; };
		2F6B1E162401B2E500DA5765 /* LaunchScreen.storyboard in Resources */ = {isa = PBXBuildFile; fileRef = 2F6B1E142401B2E500DA5765 /* LaunchScreen.storyboard */; };
		2F7A734324300493005C12EC /* Amplitude in Frameworks */ = {isa = PBXBuildFile; productRef = 2F7A734224300493005C12EC /* Amplitude */; };
		2F7A73452430D7AF005C12EC /* UserNameStore.swift in Sources */ = {isa = PBXBuildFile; fileRef = 2F7A73442430D7AF005C12EC /* UserNameStore.swift */; };
		2F7A735F24311BFE005C12EC /* Client.swift in Sources */ = {isa = PBXBuildFile; fileRef = 2F7A735E24311BFE005C12EC /* Client.swift */; };
		2FA47D25240B224D009DF645 /* ElectionViewController.swift in Sources */ = {isa = PBXBuildFile; fileRef = 2FA47D24240B224D009DF645 /* ElectionViewController.swift */; };
		2FFCF8942401B3A9002A7530 /* Alamofire in Frameworks */ = {isa = PBXBuildFile; productRef = 2FFCF8932401B3A9002A7530 /* Alamofire */; };
/* End PBXBuildFile section */

/* Begin PBXFileReference section */
		2F134D44243A8435005830B4 /* MovieDetailsViewController.swift */ = {isa = PBXFileReference; fileEncoding = 4; lastKnownFileType = sourcecode.swift; path = MovieDetailsViewController.swift; sourceTree = "<group>"; };
		2F134D46243A8534005830B4 /* MovieDetailsHeaderView.swift */ = {isa = PBXFileReference; lastKnownFileType = sourcecode.swift; path = MovieDetailsHeaderView.swift; sourceTree = "<group>"; };
		2F13CC2B2438B11D000A199F /* ElectionChangeDelegate.swift */ = {isa = PBXFileReference; lastKnownFileType = sourcecode.swift; path = ElectionChangeDelegate.swift; sourceTree = "<group>"; };
		2F250630243221590038925E /* ParticpantsViewController.swift */ = {isa = PBXFileReference; lastKnownFileType = sourcecode.swift; path = ParticpantsViewController.swift; sourceTree = "<group>"; };
		2F25063224362B3F0038925E /* ElectionMoreViewController.swift */ = {isa = PBXFileReference; lastKnownFileType = sourcecode.swift; path = ElectionMoreViewController.swift; sourceTree = "<group>"; };
		2F37D67424395FD70047A388 /* Movie.swift */ = {isa = PBXFileReference; lastKnownFileType = sourcecode.swift; path = Movie.swift; sourceTree = "<group>"; };
		2F37D676243964550047A388 /* SearchMovieViewController.swift */ = {isa = PBXFileReference; lastKnownFileType = sourcecode.swift; path = SearchMovieViewController.swift; sourceTree = "<group>"; };
		2F37D67D243984EE0047A388 /* placeholder-movie.jpg */ = {isa = PBXFileReference; lastKnownFileType = image.jpeg; path = "placeholder-movie.jpg"; sourceTree = "<group>"; };
		2F4EDC59240746600049A997 /* Participant.swift */ = {isa = PBXFileReference; lastKnownFileType = sourcecode.swift; path = Participant.swift; sourceTree = "<group>"; };
		2F4EDC5B240746EE0049A997 /* Candidate.swift */ = {isa = PBXFileReference; lastKnownFileType = sourcecode.swift; path = Candidate.swift; sourceTree = "<group>"; };
		2F4EDC5D240748570049A997 /* Election.swift */ = {isa = PBXFileReference; lastKnownFileType = sourcecode.swift; path = Election.swift; sourceTree = "<group>"; };
		2F4EDC5F24075A5D0049A997 /* Elections.swift */ = {isa = PBXFileReference; lastKnownFileType = sourcecode.swift; path = Elections.swift; sourceTree = "<group>"; };
		2F4EDC61240763360049A997 /* ElectionsViewController.swift */ = {isa = PBXFileReference; lastKnownFileType = sourcecode.swift; path = ElectionsViewController.swift; sourceTree = "<group>"; };
		2F6B1E062401B2E300DA5765 /* Whichflix.app */ = {isa = PBXFileReference; explicitFileType = wrapper.application; includeInIndex = 0; path = Whichflix.app; sourceTree = BUILT_PRODUCTS_DIR; };
		2F6B1E092401B2E300DA5765 /* AppDelegate.swift */ = {isa = PBXFileReference; lastKnownFileType = sourcecode.swift; path = AppDelegate.swift; sourceTree = "<group>"; };
		2F6B1E0F2401B2E500DA5765 /* Assets.xcassets */ = {isa = PBXFileReference; lastKnownFileType = folder.assetcatalog; path = Assets.xcassets; sourceTree = "<group>"; };
		2F6B1E122401B2E500DA5765 /* Preview Assets.xcassets */ = {isa = PBXFileReference; lastKnownFileType = folder.assetcatalog; path = "Preview Assets.xcassets"; sourceTree = "<group>"; };
		2F6B1E152401B2E500DA5765 /* Base */ = {isa = PBXFileReference; lastKnownFileType = file.storyboard; name = Base; path = Base.lproj/LaunchScreen.storyboard; sourceTree = "<group>"; };
		2F6B1E172401B2E500DA5765 /* Info.plist */ = {isa = PBXFileReference; lastKnownFileType = text.plist.xml; path = Info.plist; sourceTree = "<group>"; };
		2F7A73442430D7AF005C12EC /* UserNameStore.swift */ = {isa = PBXFileReference; lastKnownFileType = sourcecode.swift; path = UserNameStore.swift; sourceTree = "<group>"; };
		2F7A735E24311BFE005C12EC /* Client.swift */ = {isa = PBXFileReference; lastKnownFileType = sourcecode.swift; path = Client.swift; sourceTree = "<group>"; };
		2FA47D24240B224D009DF645 /* ElectionViewController.swift */ = {isa = PBXFileReference; lastKnownFileType = sourcecode.swift; path = ElectionViewController.swift; sourceTree = "<group>"; };
/* End PBXFileReference section */

/* Begin PBXFrameworksBuildPhase section */
		2F6B1E032401B2E300DA5765 /* Frameworks */ = {
			isa = PBXFrameworksBuildPhase;
			buildActionMask = 2147483647;
			files = (
				2F7A734324300493005C12EC /* Amplitude in Frameworks */,
				2FFCF8942401B3A9002A7530 /* Alamofire in Frameworks */,
				2F37D67A24397D5D0047A388 /* AlamofireImage in Frameworks */,
			);
			runOnlyForDeploymentPostprocessing = 0;
		};
/* End PBXFrameworksBuildPhase section */

/* Begin PBXGroup section */
		2F6B1DFD2401B2E300DA5765 = {
			isa = PBXGroup;
			children = (
				2F6B1E082401B2E300DA5765 /* Whichflix */,
				2F6B1E072401B2E300DA5765 /* Products */,
			);
			sourceTree = "<group>";
		};
		2F6B1E072401B2E300DA5765 /* Products */ = {
			isa = PBXGroup;
			children = (
				2F6B1E062401B2E300DA5765 /* Whichflix.app */,
			);
			name = Products;
			sourceTree = "<group>";
		};
		2F6B1E082401B2E300DA5765 /* Whichflix */ = {
			isa = PBXGroup;
			children = (
				2F6B1E092401B2E300DA5765 /* AppDelegate.swift */,
				2F13CC2B2438B11D000A199F /* ElectionChangeDelegate.swift */,
				2F4EDC61240763360049A997 /* ElectionsViewController.swift */,
				2FA47D24240B224D009DF645 /* ElectionViewController.swift */,
				2F25063224362B3F0038925E /* ElectionMoreViewController.swift */,
				2F37D676243964550047A388 /* SearchMovieViewController.swift */,
				2F134D44243A8435005830B4 /* MovieDetailsViewController.swift */,
				2F134D46243A8534005830B4 /* MovieDetailsHeaderView.swift */,
				2F250630243221590038925E /* ParticpantsViewController.swift */,
				2F7A73442430D7AF005C12EC /* UserNameStore.swift */,
				2F7A735E24311BFE005C12EC /* Client.swift */,
				2F4EDC59240746600049A997 /* Participant.swift */,
				2F4EDC5B240746EE0049A997 /* Candidate.swift */,
				2F4EDC5D240748570049A997 /* Election.swift */,
				2F4EDC5F24075A5D0049A997 /* Elections.swift */,
				2F37D67D243984EE0047A388 /* placeholder-movie.jpg */,
				2F37D67424395FD70047A388 /* Movie.swift */,
				2F6B1E0F2401B2E500DA5765 /* Assets.xcassets */,
				2F6B1E142401B2E500DA5765 /* LaunchScreen.storyboard */,
				2F6B1E172401B2E500DA5765 /* Info.plist */,
				2F6B1E112401B2E500DA5765 /* Preview Content */,
			);
			path = Whichflix;
			sourceTree = "<group>";
		};
		2F6B1E112401B2E500DA5765 /* Preview Content */ = {
			isa = PBXGroup;
			children = (
				2F6B1E122401B2E500DA5765 /* Preview Assets.xcassets */,
			);
			path = "Preview Content";
			sourceTree = "<group>";
		};
/* End PBXGroup section */

/* Begin PBXNativeTarget section */
		2F6B1E052401B2E300DA5765 /* Whichflix */ = {
			isa = PBXNativeTarget;
			buildConfigurationList = 2F6B1E1A2401B2E500DA5765 /* Build configuration list for PBXNativeTarget "Whichflix" */;
			buildPhases = (
				2F6B1E022401B2E300DA5765 /* Sources */,
				2F6B1E032401B2E300DA5765 /* Frameworks */,
				2F6B1E042401B2E300DA5765 /* Resources */,
			);
			buildRules = (
			);
			dependencies = (
			);
			name = Whichflix;
			packageProductDependencies = (
				2FFCF8932401B3A9002A7530 /* Alamofire */,
				2F7A734224300493005C12EC /* Amplitude */,
				2F37D67924397D5D0047A388 /* AlamofireImage */,
			);
			productName = Whichflix;
			productReference = 2F6B1E062401B2E300DA5765 /* Whichflix.app */;
			productType = "com.apple.product-type.application";
		};
/* End PBXNativeTarget section */

/* Begin PBXProject section */
		2F6B1DFE2401B2E300DA5765 /* Project object */ = {
			isa = PBXProject;
			attributes = {
				LastSwiftUpdateCheck = 1130;
				LastUpgradeCheck = 1130;
				ORGANIZATIONNAME = Dastronics;
				TargetAttributes = {
					2F6B1E052401B2E300DA5765 = {
						CreatedOnToolsVersion = 11.3.1;
					};
				};
			};
			buildConfigurationList = 2F6B1E012401B2E300DA5765 /* Build configuration list for PBXProject "Whichflix" */;
			compatibilityVersion = "Xcode 9.3";
			developmentRegion = en;
			hasScannedForEncodings = 0;
			knownRegions = (
				en,
				Base,
			);
			mainGroup = 2F6B1DFD2401B2E300DA5765;
			packageReferences = (
				2FFCF8922401B3A9002A7530 /* XCRemoteSwiftPackageReference "Alamofire" */,
				2F7A734124300493005C12EC /* XCRemoteSwiftPackageReference "Amplitude-iOS" */,
				2F37D67824397D5D0047A388 /* XCRemoteSwiftPackageReference "AlamofireImage" */,
			);
			productRefGroup = 2F6B1E072401B2E300DA5765 /* Products */;
			projectDirPath = "";
			projectRoot = "";
			targets = (
				2F6B1E052401B2E300DA5765 /* Whichflix */,
			);
		};
/* End PBXProject section */

/* Begin PBXResourcesBuildPhase section */
		2F6B1E042401B2E300DA5765 /* Resources */ = {
			isa = PBXResourcesBuildPhase;
			buildActionMask = 2147483647;
			files = (
				2F37D67E243984EE0047A388 /* placeholder-movie.jpg in Resources */,
				2F6B1E162401B2E500DA5765 /* LaunchScreen.storyboard in Resources */,
				2F6B1E132401B2E500DA5765 /* Preview Assets.xcassets in Resources */,
				2F6B1E102401B2E500DA5765 /* Assets.xcassets in Resources */,
			);
			runOnlyForDeploymentPostprocessing = 0;
		};
/* End PBXResourcesBuildPhase section */

/* Begin PBXSourcesBuildPhase section */
		2F6B1E022401B2E300DA5765 /* Sources */ = {
			isa = PBXSourcesBuildPhase;
			buildActionMask = 2147483647;
			files = (
				2FA47D25240B224D009DF645 /* ElectionViewController.swift in Sources */,
				2F6B1E0A2401B2E300DA5765 /* AppDelegate.swift in Sources */,
				2F4EDC5E240748570049A997 /* Election.swift in Sources */,
				2F13CC2C2438B11D000A199F /* ElectionChangeDelegate.swift in Sources */,
				2F7A73452430D7AF005C12EC /* UserNameStore.swift in Sources */,
				2F134D45243A8435005830B4 /* MovieDetailsViewController.swift in Sources */,
				2F37D677243964550047A388 /* SearchMovieViewController.swift in Sources */,
				2F4EDC5C240746EE0049A997 /* Candidate.swift in Sources */,
				2F4EDC62240763360049A997 /* ElectionsViewController.swift in Sources */,
				2F4EDC5A240746600049A997 /* Participant.swift in Sources */,
				2F37D67524395FD70047A388 /* Movie.swift in Sources */,
				2F25063324362B3F0038925E /* ElectionMoreViewController.swift in Sources */,
				2F4EDC6024075A5D0049A997 /* Elections.swift in Sources */,
				2F134D47243A8534005830B4 /* MovieDetailsHeaderView.swift in Sources */,
				2F250631243221590038925E /* ParticpantsViewController.swift in Sources */,
				2F7A735F24311BFE005C12EC /* Client.swift in Sources */,
			);
			runOnlyForDeploymentPostprocessing = 0;
		};
/* End PBXSourcesBuildPhase section */

/* Begin PBXVariantGroup section */
		2F6B1E142401B2E500DA5765 /* LaunchScreen.storyboard */ = {
			isa = PBXVariantGroup;
			children = (
				2F6B1E152401B2E500DA5765 /* Base */,
			);
			name = LaunchScreen.storyboard;
			sourceTree = "<group>";
		};
/* End PBXVariantGroup section */

/* Begin XCBuildConfiguration section */
		2F6B1E182401B2E500DA5765 /* Debug */ = {
			isa = XCBuildConfiguration;
			buildSettings = {
				ALWAYS_SEARCH_USER_PATHS = NO;
				CLANG_ANALYZER_NONNULL = YES;
				CLANG_ANALYZER_NUMBER_OBJECT_CONVERSION = YES_AGGRESSIVE;
				CLANG_CXX_LANGUAGE_STANDARD = "gnu++14";
				CLANG_CXX_LIBRARY = "libc++";
				CLANG_ENABLE_MODULES = YES;
				CLANG_ENABLE_OBJC_ARC = YES;
				CLANG_ENABLE_OBJC_WEAK = YES;
				CLANG_WARN_BLOCK_CAPTURE_AUTORELEASING = YES;
				CLANG_WARN_BOOL_CONVERSION = YES;
				CLANG_WARN_COMMA = YES;
				CLANG_WARN_CONSTANT_CONVERSION = YES;
				CLANG_WARN_DEPRECATED_OBJC_IMPLEMENTATIONS = YES;
				CLANG_WARN_DIRECT_OBJC_ISA_USAGE = YES_ERROR;
				CLANG_WARN_DOCUMENTATION_COMMENTS = YES;
				CLANG_WARN_EMPTY_BODY = YES;
				CLANG_WARN_ENUM_CONVERSION = YES;
				CLANG_WARN_INFINITE_RECURSION = YES;
				CLANG_WARN_INT_CONVERSION = YES;
				CLANG_WARN_NON_LITERAL_NULL_CONVERSION = YES;
				CLANG_WARN_OBJC_IMPLICIT_RETAIN_SELF = YES;
				CLANG_WARN_OBJC_LITERAL_CONVERSION = YES;
				CLANG_WARN_OBJC_ROOT_CLASS = YES_ERROR;
				CLANG_WARN_RANGE_LOOP_ANALYSIS = YES;
				CLANG_WARN_STRICT_PROTOTYPES = YES;
				CLANG_WARN_SUSPICIOUS_MOVE = YES;
				CLANG_WARN_UNGUARDED_AVAILABILITY = YES_AGGRESSIVE;
				CLANG_WARN_UNREACHABLE_CODE = YES;
				CLANG_WARN__DUPLICATE_METHOD_MATCH = YES;
				COPY_PHASE_STRIP = NO;
				DEBUG_INFORMATION_FORMAT = dwarf;
				ENABLE_STRICT_OBJC_MSGSEND = YES;
				ENABLE_TESTABILITY = YES;
				GCC_C_LANGUAGE_STANDARD = gnu11;
				GCC_DYNAMIC_NO_PIC = NO;
				GCC_NO_COMMON_BLOCKS = YES;
				GCC_OPTIMIZATION_LEVEL = 0;
				GCC_PREPROCESSOR_DEFINITIONS = (
					"DEBUG=1",
					"$(inherited)",
				);
				GCC_WARN_64_TO_32_BIT_CONVERSION = YES;
				GCC_WARN_ABOUT_RETURN_TYPE = YES_ERROR;
				GCC_WARN_UNDECLARED_SELECTOR = YES;
				GCC_WARN_UNINITIALIZED_AUTOS = YES_AGGRESSIVE;
				GCC_WARN_UNUSED_FUNCTION = YES;
				GCC_WARN_UNUSED_VARIABLE = YES;
				IPHONEOS_DEPLOYMENT_TARGET = 13.2;
				MTL_ENABLE_DEBUG_INFO = INCLUDE_SOURCE;
				MTL_FAST_MATH = YES;
				ONLY_ACTIVE_ARCH = YES;
				SDKROOT = iphoneos;
				SWIFT_ACTIVE_COMPILATION_CONDITIONS = DEBUG;
				SWIFT_OPTIMIZATION_LEVEL = "-Onone";
			};
			name = Debug;
		};
		2F6B1E192401B2E500DA5765 /* Release */ = {
			isa = XCBuildConfiguration;
			buildSettings = {
				ALWAYS_SEARCH_USER_PATHS = NO;
				CLANG_ANALYZER_NONNULL = YES;
				CLANG_ANALYZER_NUMBER_OBJECT_CONVERSION = YES_AGGRESSIVE;
				CLANG_CXX_LANGUAGE_STANDARD = "gnu++14";
				CLANG_CXX_LIBRARY = "libc++";
				CLANG_ENABLE_MODULES = YES;
				CLANG_ENABLE_OBJC_ARC = YES;
				CLANG_ENABLE_OBJC_WEAK = YES;
				CLANG_WARN_BLOCK_CAPTURE_AUTORELEASING = YES;
				CLANG_WARN_BOOL_CONVERSION = YES;
				CLANG_WARN_COMMA = YES;
				CLANG_WARN_CONSTANT_CONVERSION = YES;
				CLANG_WARN_DEPRECATED_OBJC_IMPLEMENTATIONS = YES;
				CLANG_WARN_DIRECT_OBJC_ISA_USAGE = YES_ERROR;
				CLANG_WARN_DOCUMENTATION_COMMENTS = YES;
				CLANG_WARN_EMPTY_BODY = YES;
				CLANG_WARN_ENUM_CONVERSION = YES;
				CLANG_WARN_INFINITE_RECURSION = YES;
				CLANG_WARN_INT_CONVERSION = YES;
				CLANG_WARN_NON_LITERAL_NULL_CONVERSION = YES;
				CLANG_WARN_OBJC_IMPLICIT_RETAIN_SELF = YES;
				CLANG_WARN_OBJC_LITERAL_CONVERSION = YES;
				CLANG_WARN_OBJC_ROOT_CLASS = YES_ERROR;
				CLANG_WARN_RANGE_LOOP_ANALYSIS = YES;
				CLANG_WARN_STRICT_PROTOTYPES = YES;
				CLANG_WARN_SUSPICIOUS_MOVE = YES;
				CLANG_WARN_UNGUARDED_AVAILABILITY = YES_AGGRESSIVE;
				CLANG_WARN_UNREACHABLE_CODE = YES;
				CLANG_WARN__DUPLICATE_METHOD_MATCH = YES;
				COPY_PHASE_STRIP = NO;
				DEBUG_INFORMATION_FORMAT = "dwarf-with-dsym";
				ENABLE_NS_ASSERTIONS = NO;
				ENABLE_STRICT_OBJC_MSGSEND = YES;
				GCC_C_LANGUAGE_STANDARD = gnu11;
				GCC_NO_COMMON_BLOCKS = YES;
				GCC_WARN_64_TO_32_BIT_CONVERSION = YES;
				GCC_WARN_ABOUT_RETURN_TYPE = YES_ERROR;
				GCC_WARN_UNDECLARED_SELECTOR = YES;
				GCC_WARN_UNINITIALIZED_AUTOS = YES_AGGRESSIVE;
				GCC_WARN_UNUSED_FUNCTION = YES;
				GCC_WARN_UNUSED_VARIABLE = YES;
				IPHONEOS_DEPLOYMENT_TARGET = 13.2;
				MTL_ENABLE_DEBUG_INFO = NO;
				MTL_FAST_MATH = YES;
				SDKROOT = iphoneos;
				SWIFT_COMPILATION_MODE = wholemodule;
				SWIFT_OPTIMIZATION_LEVEL = "-O";
				VALIDATE_PRODUCT = YES;
			};
			name = Release;
		};
		2F6B1E1B2401B2E500DA5765 /* Debug */ = {
			isa = XCBuildConfiguration;
			buildSettings = {
				ASSETCATALOG_COMPILER_APPICON_NAME = AppIcon;
				CODE_SIGN_STYLE = Automatic;
				CURRENT_PROJECT_VERSION = 13;
				DEVELOPMENT_ASSET_PATHS = "\"Whichflix/Preview Content\"";
				DEVELOPMENT_TEAM = 63259B266M;
				ENABLE_PREVIEWS = YES;
				INFOPLIST_FILE = Whichflix/Info.plist;
				LD_RUNPATH_SEARCH_PATHS = (
					"$(inherited)",
					"@executable_path/Frameworks",
				);
				PRODUCT_BUNDLE_IDENTIFIER = com.dastronics.Whichflix;
				PRODUCT_NAME = "$(TARGET_NAME)";
				SWIFT_VERSION = 5.0;
				TARGETED_DEVICE_FAMILY = 1;
			};
			name = Debug;
		};
		2F6B1E1C2401B2E500DA5765 /* Release */ = {
			isa = XCBuildConfiguration;
			buildSettings = {
				ASSETCATALOG_COMPILER_APPICON_NAME = AppIcon;
				CODE_SIGN_STYLE = Automatic;
				CURRENT_PROJECT_VERSION = 13;
				DEVELOPMENT_ASSET_PATHS = "\"Whichflix/Preview Content\"";
				DEVELOPMENT_TEAM = 63259B266M;
				ENABLE_PREVIEWS = YES;
				INFOPLIST_FILE = Whichflix/Info.plist;
				LD_RUNPATH_SEARCH_PATHS = (
					"$(inherited)",
					"@executable_path/Frameworks",
				);
				PRODUCT_BUNDLE_IDENTIFIER = com.dastronics.Whichflix;
				PRODUCT_NAME = "$(TARGET_NAME)";
				SWIFT_VERSION = 5.0;
				TARGETED_DEVICE_FAMILY = 1;
			};
			name = Release;
		};
/* End XCBuildConfiguration section */

/* Begin XCConfigurationList section */
		2F6B1E012401B2E300DA5765 /* Build configuration list for PBXProject "Whichflix" */ = {
			isa = XCConfigurationList;
			buildConfigurations = (
				2F6B1E182401B2E500DA5765 /* Debug */,
				2F6B1E192401B2E500DA5765 /* Release */,
			);
			defaultConfigurationIsVisible = 0;
			defaultConfigurationName = Release;
		};
		2F6B1E1A2401B2E500DA5765 /* Build configuration list for PBXNativeTarget "Whichflix" */ = {
			isa = XCConfigurationList;
			buildConfigurations = (
				2F6B1E1B2401B2E500DA5765 /* Debug */,
				2F6B1E1C2401B2E500DA5765 /* Release */,
			);
			defaultConfigurationIsVisible = 0;
			defaultConfigurationName = Release;
		};
/* End XCConfigurationList section */

/* Begin XCRemoteSwiftPackageReference section */
		2F37D67824397D5D0047A388 /* XCRemoteSwiftPackageReference "AlamofireImage" */ = {
			isa = XCRemoteSwiftPackageReference;
			repositoryURL = "https://github.com/Alamofire/AlamofireImage";
			requirement = {
				kind = upToNextMajorVersion;
				minimumVersion = 4.0.3;
			};
		};
		2F7A734124300493005C12EC /* XCRemoteSwiftPackageReference "Amplitude-iOS" */ = {
			isa = XCRemoteSwiftPackageReference;
			repositoryURL = "https://github.com/amplitude/Amplitude-iOS";
			requirement = {
				kind = upToNextMajorVersion;
				minimumVersion = 5.1.0;
			};
		};
		2FFCF8922401B3A9002A7530 /* XCRemoteSwiftPackageReference "Alamofire" */ = {
			isa = XCRemoteSwiftPackageReference;
			repositoryURL = "https://github.com/Alamofire/Alamofire";
			requirement = {
				kind = upToNextMajorVersion;
				minimumVersion = 5.0.0;
			};
		};
/* End XCRemoteSwiftPackageReference section */

/* Begin XCSwiftPackageProductDependency section */
		2F37D67924397D5D0047A388 /* AlamofireImage */ = {
			isa = XCSwiftPackageProductDependency;
			package = 2F37D67824397D5D0047A388 /* XCRemoteSwiftPackageReference "AlamofireImage" */;
			productName = AlamofireImage;
		};
		2F7A734224300493005C12EC /* Amplitude */ = {
			isa = XCSwiftPackageProductDependency;
			package = 2F7A734124300493005C12EC /* XCRemoteSwiftPackageReference "Amplitude-iOS" */;
			productName = Amplitude;
		};
		2FFCF8932401B3A9002A7530 /* Alamofire */ = {
			isa = XCSwiftPackageProductDependency;
			package = 2FFCF8922401B3A9002A7530 /* XCRemoteSwiftPackageReference "Alamofire" */;
			productName = Alamofire;
		};
/* End XCSwiftPackageProductDependency section */
	};
	rootObject = 2F6B1DFE2401B2E300DA5765 /* Project object */;
}
